
Microsoft Visual Studio Solution File, Format Version 12.00
# Visual Studio Version 17
VisualStudioVersion = 17.11.35327.3
MinimumVisualStudioVersion = 10.0.40219.1
Project("{FAE04EC0-301F-11D3-BF4B-00C04F79EFBC}") = "GSApp", "GSApp\GSApp.csproj", "{3AAF66E9-1003-4063-BF61-F5458D0B37DA}"
EndProject
Global
	GlobalSection(SolutionConfigurationPlatforms) = preSolution
		Debug|Any CPU = Debug|Any CPU
		Release|Any CPU = Release|Any CPU
	EndGlobalSection
	GlobalSection(ProjectConfigurationPlatforms) = postSolution
		{3AAF66E9-1003-4063-BF61-F5458D0B37DA}.Debug|Any CPU.ActiveCfg = Debug|Any CPU
		{3AAF66E9-1003-4063-BF61-F5458D0B37DA}.Debug|Any CPU.Build.0 = Debug|Any CPU
		{3AAF66E9-1003-4063-BF61-F5458D0B37DA}.Release|Any CPU.ActiveCfg = Release|Any CPU
		{3AAF66E9-1003-4063-BF61-F5458D0B37DA}.Release|Any CPU.Build.0 = Release|Any CPU
	EndGlobalSection
	GlobalSection(SolutionProperties) = preSolution
		HideSolutionNode = FALSE
	EndGlobalSection
	GlobalSection(ExtensibilityGlobals) = postSolution
		SolutionGuid = {D591701E-E3A3-4530-A605-3E7880BC1ECA}
	EndGlobalSection
EndGlobal
